// !$*UTF8*$!
{
	archiveVersion = 1;
	classes = {
	};
	objectVersion = 50;
	objects = {

/* Begin PBXBuildFile section */
		214A8F1A21187E6C00598FBB /* AppDelegate.swift in Sources */ = {isa = PBXBuildFile; fileRef = 214A8F1921187E6C00598FBB /* AppDelegate.swift */; };
		214A8F1C21187E6C00598FBB /* ViewController.swift in Sources */ = {isa = PBXBuildFile; fileRef = 214A8F1B21187E6C00598FBB /* ViewController.swift */; };
		214A8F1F21187E6C00598FBB /* Main.storyboard in Resources */ = {isa = PBXBuildFile; fileRef = 214A8F1D21187E6C00598FBB /* Main.storyboard */; };
		214A8F2121187E6D00598FBB /* Assets.xcassets in Resources */ = {isa = PBXBuildFile; fileRef = 214A8F2021187E6D00598FBB /* Assets.xcassets */; };
		214A8F2421187E6D00598FBB /* LaunchScreen.storyboard in Resources */ = {isa = PBXBuildFile; fileRef = 214A8F2221187E6D00598FBB /* LaunchScreen.storyboard */; };
		214A8F2F21187E6D00598FBB /* MyFirstAppTests.swift in Sources */ = {isa = PBXBuildFile; fileRef = 214A8F2E21187E6D00598FBB /* MyFirstAppTests.swift */; };
		214A8F3A21187E6D00598FBB /* MyFirstAppUITests.swift in Sources */ = {isa = PBXBuildFile; fileRef = 214A8F3921187E6D00598FBB /* MyFirstAppUITests.swift */; };
/* End PBXBuildFile section */

/* Begin PBXContainerItemProxy section */
		214A8F2B21187E6D00598FBB /* PBXContainerItemProxy */ = {
			isa = PBXContainerItemProxy;
			containerPortal = 214A8F0E21187E6C00598FBB /* Project object */;
			proxyType = 1;
			remoteGlobalIDString = 214A8F1521187E6C00598FBB;
			remoteInfo = MyFirstApp;
		};
		214A8F3621187E6D00598FBB /* PBXContainerItemProxy */ = {
			isa = PBXContainerItemProxy;
			containerPortal = 214A8F0E21187E6C00598FBB /* Project object */;
			proxyType = 1;
			remoteGlobalIDString = 214A8F1521187E6C00598FBB;
			remoteInfo = MyFirstApp;
		};
/* End PBXContainerItemProxy section */

/* Begin PBXFileReference section */
		214A8F1621187E6C00598FBB /* MyFirstApp.app */ = {isa = PBXFileReference; explicitFileType = wrapper.application; includeInIndex = 0; path = MyFirstApp.app; sourceTree = BUILT_PRODUCTS_DIR; };
		214A8F1921187E6C00598FBB /* AppDelegate.swift */ = {isa = PBXFileReference; lastKnownFileType = sourcecode.swift; path = AppDelegate.swift; sourceTree = "<group>"; };
		214A8F1B21187E6C00598FBB /* ViewController.swift */ = {isa = PBXFileReference; lastKnownFileType = sourcecode.swift; path = ViewController.swift; sourceTree = "<group>"; };
		214A8F1E21187E6C00598FBB /* Base */ = {isa = PBXFileReference; lastKnownFileType = file.storyboard; name = Base; path = Base.lproj/Main.storyboard; sourceTree = "<group>"; };
		214A8F2021187E6D00598FBB /* Assets.xcassets */ = {isa = PBXFileReference; lastKnownFileType = folder.assetcatalog; path = Assets.xcassets; sourceTree = "<group>"; };
		214A8F2321187E6D00598FBB /* Base */ = {isa = PBXFileReference; lastKnownFileType = file.storyboard; name = Base; path = Base.lproj/LaunchScreen.storyboard; sourceTree = "<group>"; };
		214A8F2521187E6D00598FBB /* Info.plist */ = {isa = PBXFileReference; lastKnownFileType = text.plist.xml; path = Info.plist; sourceTree = "<group>"; };
		214A8F2A21187E6D00598FBB /* MyFirstAppTests.xctest */ = {isa = PBXFileReference; explicitFileType = wrapper.cfbundle; includeInIndex = 0; path = MyFirstAppTests.xctest; sourceTree = BUILT_PRODUCTS_DIR; };
		214A8F2E21187E6D00598FBB /* MyFirstAppTests.swift */ = {isa = PBXFileReference; lastKnownFileType = sourcecode.swift; path = MyFirstAppTests.swift; sourceTree = "<group>"; };
		214A8F3021187E6D00598FBB /* Info.plist */ = {isa = PBXFileReference; lastKnownFileType = text.plist.xml; path = Info.plist; sourceTree = "<group>"; };
		214A8F3521187E6D00598FBB /* MyFirstAppUITests.xctest */ = {isa = PBXFileReference; explicitFileType = wrapper.cfbundle; includeInIndex = 0; path = MyFirstAppUITests.xctest; sourceTree = BUILT_PRODUCTS_DIR; };
		214A8F3921187E6D00598FBB /* MyFirstAppUITests.swift */ = {isa = PBXFileReference; lastKnownFileType = sourcecode.swift; path = MyFirstAppUITests.swift; sourceTree = "<group>"; };
		214A8F3B21187E6D00598FBB /* Info.plist */ = {isa = PBXFileReference; lastKnownFileType = text.plist.xml; path = Info.plist; sourceTree = "<group>"; };
/* End PBXFileReference section */

/* Begin PBXFrameworksBuildPhase section */
		214A8F1321187E6C00598FBB /* Frameworks */ = {
			isa = PBXFrameworksBuildPhase;
			buildActionMask = 2147483647;
			files = (
			);
			runOnlyForDeploymentPostprocessing = 0;
		};
		214A8F2721187E6D00598FBB /* Frameworks */ = {
			isa = PBXFrameworksBuildPhase;
			buildActionMask = 2147483647;
			files = (
			);
			runOnlyForDeploymentPostprocessing = 0;
		};
		214A8F3221187E6D00598FBB /* Frameworks */ = {
			isa = PBXFrameworksBuildPhase;
			buildActionMask = 2147483647;
			files = (
			);
			runOnlyForDeploymentPostprocessing = 0;
		};
/* End PBXFrameworksBuildPhase section */

/* Begin PBXGroup section */
		214A8F0D21187E6C00598FBB = {
			isa = PBXGroup;
			children = (
				214A8F1821187E6C00598FBB /* MyFirstApp */,
				214A8F2D21187E6D00598FBB /* MyFirstAppTests */,
				214A8F3821187E6D00598FBB /* MyFirstAppUITests */,
				214A8F1721187E6C00598FBB /* Products */,
			);
			sourceTree = "<group>";
		};
		214A8F1721187E6C00598FBB /* Products */ = {
			isa = PBXGroup;
			children = (
				214A8F1621187E6C00598FBB /* MyFirstApp.app */,
				214A8F2A21187E6D00598FBB /* MyFirstAppTests.xctest */,
				214A8F3521187E6D00598FBB /* MyFirstAppUITests.xctest */,
			);
			name = Products;
			sourceTree = "<group>";
		};
		214A8F1821187E6C00598FBB /* MyFirstApp */ = {
			isa = PBXGroup;
			children = (
				214A8F1921187E6C00598FBB /* AppDelegate.swift */,
				214A8F1B21187E6C00598FBB /* ViewController.swift */,
				214A8F1D21187E6C00598FBB /* Main.storyboard */,
				214A8F2021187E6D00598FBB /* Assets.xcassets */,
				214A8F2221187E6D00598FBB /* LaunchScreen.storyboard */,
				214A8F2521187E6D00598FBB /* Info.plist */,
			);
			path = MyFirstApp;
			sourceTree = "<group>";
		};
		214A8F2D21187E6D00598FBB /* MyFirstAppTests */ = {
			isa = PBXGroup;
			children = (
				214A8F2E21187E6D00598FBB /* MyFirstAppTests.swift */,
				214A8F3021187E6D00598FBB /* Info.plist */,
			);
			path = MyFirstAppTests;
			sourceTree = "<group>";
		};
		214A8F3821187E6D00598FBB /* MyFirstAppUITests */ = {
			isa = PBXGroup;
			children = (
				214A8F3921187E6D00598FBB /* MyFirstAppUITests.swift */,
				214A8F3B21187E6D00598FBB /* Info.plist */,
			);
			path = MyFirstAppUITests;
			sourceTree = "<group>";
		};
/* End PBXGroup section */

/* Begin PBXNativeTarget section */
		214A8F1521187E6C00598FBB /* MyFirstApp */ = {
			isa = PBXNativeTarget;
			buildConfigurationList = 214A8F3E21187E6D00598FBB /* Build configuration list for PBXNativeTarget "MyFirstApp" */;
			buildPhases = (
				214A8F1221187E6C00598FBB /* Sources */,
				214A8F1321187E6C00598FBB /* Frameworks */,
				214A8F1421187E6C00598FBB /* Resources */,
			);
			buildRules = (
			);
			dependencies = (
			);
			name = MyFirstApp;
			productName = MyFirstApp;
			productReference = 214A8F1621187E6C00598FBB /* MyFirstApp.app */;
			productType = "com.apple.product-type.application";
		};
		214A8F2921187E6D00598FBB /* MyFirstAppTests */ = {
			isa = PBXNativeTarget;
			buildConfigurationList = 214A8F4121187E6D00598FBB /* Build configuration list for PBXNativeTarget "MyFirstAppTests" */;
			buildPhases = (
				214A8F2621187E6D00598FBB /* Sources */,
				214A8F2721187E6D00598FBB /* Frameworks */,
				214A8F2821187E6D00598FBB /* Resources */,
			);
			buildRules = (
			);
			dependencies = (
				214A8F2C21187E6D00598FBB /* PBXTargetDependency */,
			);
			name = MyFirstAppTests;
			productName = MyFirstAppTests;
			productReference = 214A8F2A21187E6D00598FBB /* MyFirstAppTests.xctest */;
			productType = "com.apple.product-type.bundle.unit-test";
		};
		214A8F3421187E6D00598FBB /* MyFirstAppUITests */ = {
			isa = PBXNativeTarget;
			buildConfigurationList = 214A8F4421187E6D00598FBB /* Build configuration list for PBXNativeTarget "MyFirstAppUITests" */;
			buildPhases = (
				214A8F3121187E6D00598FBB /* Sources */,
				214A8F3221187E6D00598FBB /* Frameworks */,
				214A8F3321187E6D00598FBB /* Resources */,
			);
			buildRules = (
			);
			dependencies = (
				214A8F3721187E6D00598FBB /* PBXTargetDependency */,
			);
			name = MyFirstAppUITests;
			productName = MyFirstAppUITests;
			productReference = 214A8F3521187E6D00598FBB /* MyFirstAppUITests.xctest */;
			productType = "com.apple.product-type.bundle.ui-testing";
		};
/* End PBXNativeTarget section */

/* Begin PBXProject section */
		214A8F0E21187E6C00598FBB /* Project object */ = {
			isa = PBXProject;
			attributes = {
				LastSwiftUpdateCheck = 0940;
				LastUpgradeCheck = 0940;
				ORGANIZATIONNAME = "Menglin Yang";
				TargetAttributes = {
					214A8F1521187E6C00598FBB = {
						CreatedOnToolsVersion = 9.4.1;
					};
					214A8F2921187E6D00598FBB = {
						CreatedOnToolsVersion = 9.4.1;
						TestTargetID = 214A8F1521187E6C00598FBB;
					};
					214A8F3421187E6D00598FBB = {
						CreatedOnToolsVersion = 9.4.1;
						TestTargetID = 214A8F1521187E6C00598FBB;
					};
				};
			};
			buildConfigurationList = 214A8F1121187E6C00598FBB /* Build configuration list for PBXProject "MyFirstApp" */;
			compatibilityVersion = "Xcode 9.3";
			developmentRegion = en;
			hasScannedForEncodings = 0;
			knownRegions = (
				en,
				Base,
			);
			mainGroup = 214A8F0D21187E6C00598FBB;
			productRefGroup = 214A8F1721187E6C00598FBB /* Products */;
			projectDirPath = "";
			projectRoot = "";
			targets = (
				214A8F1521187E6C00598FBB /* MyFirstApp */,
				214A8F2921187E6D00598FBB /* MyFirstAppTests */,
				214A8F3421187E6D00598FBB /* MyFirstAppUITests */,
			);
		};
/* End PBXProject section */

/* Begin PBXResourcesBuildPhase section */
		214A8F1421187E6C00598FBB /* Resources */ = {
			isa = PBXResourcesBuildPhase;
			buildActionMask = 2147483647;
			files = (
				214A8F2421187E6D00598FBB /* LaunchScreen.storyboard in Resources */,
				214A8F2121187E6D00598FBB /* Assets.xcassets in Resources */,
				214A8F1F21187E6C00598FBB /* Main.storyboard in Resources */,
			);
			runOnlyForDeploymentPostprocessing = 0;
		};
		214A8F2821187E6D00598FBB /* Resources */ = {
			isa = PBXResourcesBuildPhase;
			buildActionMask = 2147483647;
			files = (
			);
			runOnlyForDeploymentPostprocessing = 0;
		};
		214A8F3321187E6D00598FBB /* Resources */ = {
			isa = PBXResourcesBuildPhase;
			buildActionMask = 2147483647;
			files = (
			);
			runOnlyForDeploymentPostprocessing = 0;
		};
/* End PBXResourcesBuildPhase section */

/* Begin PBXSourcesBuildPhase section */
		214A8F1221187E6C00598FBB /* Sources */ = {
			isa = PBXSourcesBuildPhase;
			buildActionMask = 2147483647;
			files = (
				214A8F1C21187E6C00598FBB /* ViewController.swift in Sources */,
				214A8F1A21187E6C00598FBB /* AppDelegate.swift in Sources */,
			);
			runOnlyForDeploymentPostprocessing = 0;
		};
		214A8F2621187E6D00598FBB /* Sources */ = {
			isa = PBXSourcesBuildPhase;
			buildActionMask = 2147483647;
			files = (
				214A8F2F21187E6D00598FBB /* MyFirstAppTests.swift in Sources */,
			);
			runOnlyForDeploymentPostprocessing = 0;
		};
		214A8F3121187E6D00598FBB /* Sources */ = {
			isa = PBXSourcesBuildPhase;
			buildActionMask = 2147483647;
			files = (
				214A8F3A21187E6D00598FBB /* MyFirstAppUITests.swift in Sources */,
			);
			runOnlyForDeploymentPostprocessing = 0;
		};
/* End PBXSourcesBuildPhase section */

/* Begin PBXTargetDependency section */
		214A8F2C21187E6D00598FBB /* PBXTargetDependency */ = {
			isa = PBXTargetDependency;
			target = 214A8F1521187E6C00598FBB /* MyFirstApp */;
			targetProxy = 214A8F2B21187E6D00598FBB /* PBXContainerItemProxy */;
		};
		214A8F3721187E6D00598FBB /* PBXTargetDependency */ = {
			isa = PBXTargetDependency;
			target = 214A8F1521187E6C00598FBB /* MyFirstApp */;
			targetProxy = 214A8F3621187E6D00598FBB /* PBXContainerItemProxy */;
		};
/* End PBXTargetDependency section */

/* Begin PBXVariantGroup section */
		214A8F1D21187E6C00598FBB /* Main.storyboard */ = {
			isa = PBXVariantGroup;
			children = (
				214A8F1E21187E6C00598FBB /* Base */,
			);
			name = Main.storyboard;
			sourceTree = "<group>";
		};
		214A8F2221187E6D00598FBB /* LaunchScreen.storyboard */ = {
			isa = PBXVariantGroup;
			children = (
				214A8F2321187E6D00598FBB /* Base */,
			);
			name = LaunchScreen.storyboard;
			sourceTree = "<group>";
		};
/* End PBXVariantGroup section */

/* Begin XCBuildConfiguration section */
		214A8F3C21187E6D00598FBB /* Debug */ = {
			isa = XCBuildConfiguration;
			buildSettings = {
				ALWAYS_SEARCH_USER_PATHS = NO;
				CLANG_ANALYZER_NONNULL = YES;
				CLANG_ANALYZER_NUMBER_OBJECT_CONVERSION = YES_AGGRESSIVE;
				CLANG_CXX_LANGUAGE_STANDARD = "gnu++14";
				CLANG_CXX_LIBRARY = "libc++";
				CLANG_ENABLE_MODULES = YES;
				CLANG_ENABLE_OBJC_ARC = YES;
				CLANG_ENABLE_OBJC_WEAK = YES;
				CLANG_WARN_BLOCK_CAPTURE_AUTORELEASING = YES;
				CLANG_WARN_BOOL_CONVERSION = YES;
				CLANG_WARN_COMMA = YES;
				CLANG_WARN_CONSTANT_CONVERSION = YES;
				CLANG_WARN_DEPRECATED_OBJC_IMPLEMENTATIONS = YES;
				CLANG_WARN_DIRECT_OBJC_ISA_USAGE = YES_ERROR;
				CLANG_WARN_DOCUMENTATION_COMMENTS = YES;
				CLANG_WARN_EMPTY_BODY = YES;
				CLANG_WARN_ENUM_CONVERSION = YES;
				CLANG_WARN_INFINITE_RECURSION = YES;
				CLANG_WARN_INT_CONVERSION = YES;
				CLANG_WARN_NON_LITERAL_NULL_CONVERSION = YES;
				CLANG_WARN_OBJC_IMPLICIT_RETAIN_SELF = YES;
				CLANG_WARN_OBJC_LITERAL_CONVERSION = YES;
				CLANG_WARN_OBJC_ROOT_CLASS = YES_ERROR;
				CLANG_WARN_RANGE_LOOP_ANALYSIS = YES;
				CLANG_WARN_STRICT_PROTOTYPES = YES;
				CLANG_WARN_SUSPICIOUS_MOVE = YES;
				CLANG_WARN_UNGUARDED_AVAILABILITY = YES_AGGRESSIVE;
				CLANG_WARN_UNREACHABLE_CODE = YES;
				CLANG_WARN__DUPLICATE_METHOD_MATCH = YES;
				CODE_SIGN_IDENTITY = "iPhone Developer";
				COPY_PHASE_STRIP = NO;
				DEBUG_INFORMATION_FORMAT = dwarf;
				ENABLE_STRICT_OBJC_MSGSEND = YES;
				ENABLE_TESTABILITY = YES;
				GCC_C_LANGUAGE_STANDARD = gnu11;
				GCC_DYNAMIC_NO_PIC = NO;
				GCC_NO_COMMON_BLOCKS = YES;
				GCC_OPTIMIZATION_LEVEL = 0;
				GCC_PREPROCESSOR_DEFINITIONS = (
					"DEBUG=1",
					"$(inherited)",
				);
				GCC_WARN_64_TO_32_BIT_CONVERSION = YES;
				GCC_WARN_ABOUT_RETURN_TYPE = YES_ERROR;
				GCC_WARN_UNDECLARED_SELECTOR = YES;
				GCC_WARN_UNINITIALIZED_AUTOS = YES_AGGRESSIVE;
				GCC_WARN_UNUSED_FUNCTION = YES;
				GCC_WARN_UNUSED_VARIABLE = YES;
				IPHONEOS_DEPLOYMENT_TARGET = 11.4;
				MTL_ENABLE_DEBUG_INFO = YES;
				ONLY_ACTIVE_ARCH = YES;
				SDKROOT = iphoneos;
				SWIFT_ACTIVE_COMPILATION_CONDITIONS = DEBUG;
				SWIFT_OPTIMIZATION_LEVEL = "-Onone";
			};
			name = Debug;
		};
		214A8F3D21187E6D00598FBB /* Release */ = {
			isa = XCBuildConfiguration;
			buildSettings = {
				ALWAYS_SEARCH_USER_PATHS = NO;
				CLANG_ANALYZER_NONNULL = YES;
				CLANG_ANALYZER_NUMBER_OBJECT_CONVERSION = YES_AGGRESSIVE;
				CLANG_CXX_LANGUAGE_STANDARD = "gnu++14";
				CLANG_CXX_LIBRARY = "libc++";
				CLANG_ENABLE_MODULES = YES;
				CLANG_ENABLE_OBJC_ARC = YES;
				CLANG_ENABLE_OBJC_WEAK = YES;
				CLANG_WARN_BLOCK_CAPTURE_AUTORELEASING = YES;
				CLANG_WARN_BOOL_CONVERSION = YES;
				CLANG_WARN_COMMA = YES;
				CLANG_WARN_CONSTANT_CONVERSION = YES;
				CLANG_WARN_DEPRECATED_OBJC_IMPLEMENTATIONS = YES;
				CLANG_WARN_DIRECT_OBJC_ISA_USAGE = YES_ERROR;
				CLANG_WARN_DOCUMENTATION_COMMENTS = YES;
				CLANG_WARN_EMPTY_BODY = YES;
				CLANG_WARN_ENUM_CONVERSION = YES;
				CLANG_WARN_INFINITE_RECURSION = YES;
				CLANG_WARN_INT_CONVERSION = YES;
				CLANG_WARN_NON_LITERAL_NULL_CONVERSION = YES;
				CLANG_WARN_OBJC_IMPLICIT_RETAIN_SELF = YES;
				CLANG_WARN_OBJC_LITERAL_CONVERSION = YES;
				CLANG_WARN_OBJC_ROOT_CLASS = YES_ERROR;
				CLANG_WARN_RANGE_LOOP_ANALYSIS = YES;
				CLANG_WARN_STRICT_PROTOTYPES = YES;
				CLANG_WARN_SUSPICIOUS_MOVE = YES;
				CLANG_WARN_UNGUARDED_AVAILABILITY = YES_AGGRESSIVE;
				CLANG_WARN_UNREACHABLE_CODE = YES;
				CLANG_WARN__DUPLICATE_METHOD_MATCH = YES;
				CODE_SIGN_IDENTITY = "iPhone Developer";
				COPY_PHASE_STRIP = NO;
				DEBUG_INFORMATION_FORMAT = "dwarf-with-dsym";
				ENABLE_NS_ASSERTIONS = NO;
				ENABLE_STRICT_OBJC_MSGSEND = YES;
				GCC_C_LANGUAGE_STANDARD = gnu11;
				GCC_NO_COMMON_BLOCKS = YES;
				GCC_WARN_64_TO_32_BIT_CONVERSION = YES;
				GCC_WARN_ABOUT_RETURN_TYPE = YES_ERROR;
				GCC_WARN_UNDECLARED_SELECTOR = YES;
				GCC_WARN_UNINITIALIZED_AUTOS = YES_AGGRESSIVE;
				GCC_WARN_UNUSED_FUNCTION = YES;
				GCC_WARN_UNUSED_VARIABLE = YES;
				IPHONEOS_DEPLOYMENT_TARGET = 11.4;
				MTL_ENABLE_DEBUG_INFO = NO;
				SDKROOT = iphoneos;
				SWIFT_COMPILATION_MODE = wholemodule;
				SWIFT_OPTIMIZATION_LEVEL = "-O";
				VALIDATE_PRODUCT = YES;
			};
			name = Release;
		};
		214A8F3F21187E6D00598FBB /* Debug */ = {
			isa = XCBuildConfiguration;
			buildSettings = {
				ASSETCATALOG_COMPILER_APPICON_NAME = AppIcon;
				CODE_SIGN_STYLE = Automatic;
				INFOPLIST_FILE = MyFirstApp/Info.plist;
				LD_RUNPATH_SEARCH_PATHS = (
					"$(inherited)",
					"@executable_path/Frameworks",
				);
				PRODUCT_BUNDLE_IDENTIFIER = quiver.MyFirstApp;
				PRODUCT_NAME = "$(TARGET_NAME)";
				SWIFT_VERSION = 4.0;
				TARGETED_DEVICE_FAMILY = "1,2";
			};
			name = Debug;
		};
		214A8F4021187E6D00598FBB /* Release */ = {
			isa = XCBuildConfiguration;
			buildSettings = {
				ASSETCATALOG_COMPILER_APPICON_NAME = AppIcon;
				CODE_SIGN_STYLE = Automatic;
				INFOPLIST_FILE = MyFirstApp/Info.plist;
				LD_RUNPATH_SEARCH_PATHS = (
					"$(inherited)",
					"@executable_path/Frameworks",
				);
				PRODUCT_BUNDLE_IDENTIFIER = quiver.MyFirstApp;
				PRODUCT_NAME = "$(TARGET_NAME)";
				SWIFT_VERSION = 4.0;
				TARGETED_DEVICE_FAMILY = "1,2";
			};
			name = Release;
		};
		214A8F4221187E6D00598FBB /* Debug */ = {
			isa = XCBuildConfiguration;
			buildSettings = {
				ALWAYS_EMBED_SWIFT_STANDARD_LIBRARIES = YES;
				BUNDLE_LOADER = "$(TEST_HOST)";
				CODE_SIGN_STYLE = Automatic;
				INFOPLIST_FILE = MyFirstAppTests/Info.plist;
				LD_RUNPATH_SEARCH_PATHS = (
					"$(inherited)",
					"@executable_path/Frameworks",
					"@loader_path/Frameworks",
				);
				PRODUCT_BUNDLE_IDENTIFIER = quiver.MyFirstAppTests;
				PRODUCT_NAME = "$(TARGET_NAME)";
				SWIFT_VERSION = 4.0;
				TARGETED_DEVICE_FAMILY = "1,2";
				TEST_HOST = "$(BUILT_PRODUCTS_DIR)/MyFirstApp.app/MyFirstApp";
			};
			name = Debug;
		};
		214A8F4321187E6D00598FBB /* Release */ = {
			isa = XCBuildConfiguration;
			buildSettings = {
				ALWAYS_EMBED_SWIFT_STANDARD_LIBRARIES = YES;
				BUNDLE_LOADER = "$(TEST_HOST)";
				CODE_SIGN_STYLE = Automatic;
				INFOPLIST_FILE = MyFirstAppTests/Info.plist;
				LD_RUNPATH_SEARCH_PATHS = (
					"$(inherited)",
					"@executable_path/Frameworks",
					"@loader_path/Frameworks",
				);
				PRODUCT_BUNDLE_IDENTIFIER = quiver.MyFirstAppTests;
				PRODUCT_NAME = "$(TARGET_NAME)";
				SWIFT_VERSION = 4.0;
				TARGETED_DEVICE_FAMILY = "1,2";
				TEST_HOST = "$(BUILT_PRODUCTS_DIR)/MyFirstApp.app/MyFirstApp";
			};
			name = Release;
		};
		214A8F4521187E6D00598FBB /* Debug */ = {
			isa = XCBuildConfiguration;
			buildSettings = {
				ALWAYS_EMBED_SWIFT_STANDARD_LIBRARIES = YES;
				CODE_SIGN_STYLE = Automatic;
				INFOPLIST_FILE = MyFirstAppUITests/Info.plist;
				LD_RUNPATH_SEARCH_PATHS = (
					"$(inherited)",
					"@executable_path/Frameworks",
					"@loader_path/Frameworks",
				);
				PRODUCT_BUNDLE_IDENTIFIER = quiver.MyFirstAppUITests;
				PRODUCT_NAME = "$(TARGET_NAME)";
				SWIFT_VERSION = 4.0;
				TARGETED_DEVICE_FAMILY = "1,2";
				TEST_TARGET_NAME = MyFirstApp;
			};
			name = Debug;
		};
		214A8F4621187E6D00598FBB /* Release */ = {
			isa = XCBuildConfiguration;
			buildSettings = {
				ALWAYS_EMBED_SWIFT_STANDARD_LIBRARIES = YES;
				CODE_SIGN_STYLE = Automatic;
				INFOPLIST_FILE = MyFirstAppUITests/Info.plist;
				LD_RUNPATH_SEARCH_PATHS = (
					"$(inherited)",
					"@executable_path/Frameworks",
					"@loader_path/Frameworks",
				);
				PRODUCT_BUNDLE_IDENTIFIER = quiver.MyFirstAppUITests;
				PRODUCT_NAME = "$(TARGET_NAME)";
				SWIFT_VERSION = 4.0;
				TARGETED_DEVICE_FAMILY = "1,2";
				TEST_TARGET_NAME = MyFirstApp;
			};
			name = Release;
		};
/* End XCBuildConfiguration section */

/* Begin XCConfigurationList section */
		214A8F1121187E6C00598FBB /* Build configuration list for PBXProject "MyFirstApp" */ = {
			isa = XCConfigurationList;
			buildConfigurations = (
				214A8F3C21187E6D00598FBB /* Debug */,
				214A8F3D21187E6D00598FBB /* Release */,
			);
			defaultConfigurationIsVisible = 0;
			defaultConfigurationName = Release;
		};
		214A8F3E21187E6D00598FBB /* Build configuration list for PBXNativeTarget "MyFirstApp" */ = {
			isa = XCConfigurationList;
			buildConfigurations = (
				214A8F3F21187E6D00598FBB /* Debug */,
				214A8F4021187E6D00598FBB /* Release */,
			);
			defaultConfigurationIsVisible = 0;
			defaultConfigurationName = Release;
		};
		214A8F4121187E6D00598FBB /* Build configuration list for PBXNativeTarget "MyFirstAppTests" */ = {
			isa = XCConfigurationList;
			buildConfigurations = (
				214A8F4221187E6D00598FBB /* Debug */,
				214A8F4321187E6D00598FBB /* Release */,
			);
			defaultConfigurationIsVisible = 0;
			defaultConfigurationName = Release;
		};
		214A8F4421187E6D00598FBB /* Build configuration list for PBXNativeTarget "MyFirstAppUITests" */ = {
			isa = XCConfigurationList;
			buildConfigurations = (
				214A8F4521187E6D00598FBB /* Debug */,
				214A8F4621187E6D00598FBB /* Release */,
			);
			defaultConfigurationIsVisible = 0;
			defaultConfigurationName = Release;
		};
/* End XCConfigurationList section */
	};
	rootObject = 214A8F0E21187E6C00598FBB /* Project object */;
}
